
Microsoft Visual Studio Solution File, Format Version 12.00
# Visual Studio 2013
VisualStudioVersion = 12.0.40629.0
MinimumVisualStudioVersion = 10.0.40219.1
Project("{8BC9CEB8-8B4A-11D0-8D11-00A0C91BC942}") = "lab 5.3.14", "lab 5.3.14\lab 5.3.14.vcxproj", "{A324B2CC-1154-4748-9483-C6D6DA715470}"
EndProject
Global
	GlobalSection(SolutionConfigurationPlatforms) = preSolution
		Debug|Win32 = Debug|Win32
		Release|Win32 = Release|Win32
	EndGlobalSection
	GlobalSection(ProjectConfigurationPlatforms) = postSolution
		{A324B2CC-1154-4748-9483-C6D6DA715470}.Debug|Win32.ActiveCfg = Debug|Win32
		{A324B2CC-1154-4748-9483-C6D6DA715470}.Debug|Win32.Build.0 = Debug|Win32
		{A324B2CC-1154-4748-9483-C6D6DA715470}.Release|Win32.ActiveCfg = Release|Win32
		{A324B2CC-1154-4748-9483-C6D6DA715470}.Release|Win32.Build.0 = Release|Win32
	EndGlobalSection
	GlobalSection(SolutionProperties) = preSolution
		HideSolutionNode = FALSE
	EndGlobalSection
EndGlobal
