
Microsoft Visual Studio Solution File, Format Version 12.00
# Visual Studio 2013
VisualStudioVersion = 12.0.40629.0
MinimumVisualStudioVersion = 10.0.40219.1
Project("{8BC9CEB8-8B4A-11D0-8D11-00A0C91BC942}") = "lab 2.3.5", "lab 2.3.5\lab 2.3.5.vcxproj", "{00B68850-516B-4E16-BD83-CBD59592655D}"
EndProject
Global
	GlobalSection(SolutionConfigurationPlatforms) = preSolution
		Debug|Win32 = Debug|Win32
		Release|Win32 = Release|Win32
	EndGlobalSection
	GlobalSection(ProjectConfigurationPlatforms) = postSolution
		{00B68850-516B-4E16-BD83-CBD59592655D}.Debug|Win32.ActiveCfg = Debug|Win32
		{00B68850-516B-4E16-BD83-CBD59592655D}.Debug|Win32.Build.0 = Debug|Win32
		{00B68850-516B-4E16-BD83-CBD59592655D}.Release|Win32.ActiveCfg = Release|Win32
		{00B68850-516B-4E16-BD83-CBD59592655D}.Release|Win32.Build.0 = Release|Win32
	EndGlobalSection
	GlobalSection(SolutionProperties) = preSolution
		HideSolutionNode = FALSE
	EndGlobalSection
EndGlobal
